// !$*UTF8*$!
{
	archiveVersion = 1;
	classes = {
	};
	objectVersion = 56;
	objects = {

/* Begin PBXBuildFile section */
		5A99A9C6295147AE00C1EC1C /* rocketApp.swift in Sources */ = {isa = PBXBuildFile; fileRef = 5A99A9C5295147AE00C1EC1C /* rocketApp.swift */; };
		5A99A9C8295147AE00C1EC1C /* ContentView.swift in Sources */ = {isa = PBXBuildFile; fileRef = 5A99A9C7295147AE00C1EC1C /* ContentView.swift */; };
		5A99A9CA295147AE00C1EC1C /* Assets.xcassets in Resources */ = {isa = PBXBuildFile; fileRef = 5A99A9C9295147AE00C1EC1C /* Assets.xcassets */; };
		5A99A9CD295147AE00C1EC1C /* Preview Assets.xcassets in Resources */ = {isa = PBXBuildFile; fileRef = 5A99A9CC295147AE00C1EC1C /* Preview Assets.xcassets */; };
		5A99A9D7295147AE00C1EC1C /* rocketTests.swift in Sources */ = {isa = PBXBuildFile; fileRef = 5A99A9D6295147AE00C1EC1C /* rocketTests.swift */; };
		5A99A9E1295147AE00C1EC1C /* rocketUITests.swift in Sources */ = {isa = PBXBuildFile; fileRef = 5A99A9E0295147AE00C1EC1C /* rocketUITests.swift */; };
		5A99A9E3295147AE00C1EC1C /* rocketUITestsLaunchTests.swift in Sources */ = {isa = PBXBuildFile; fileRef = 5A99A9E2295147AE00C1EC1C /* rocketUITestsLaunchTests.swift */; };
		5A99A9F329514A7000C1EC1C /* ScheduleView.swift in Sources */ = {isa = PBXBuildFile; fileRef = 5A99A9F229514A7000C1EC1C /* ScheduleView.swift */; };
		5A99A9F529514A9100C1EC1C /* NetworkManager.swift in Sources */ = {isa = PBXBuildFile; fileRef = 5A99A9F429514A9100C1EC1C /* NetworkManager.swift */; };
		5A99A9F829514F7A00C1EC1C /* Apollo in Frameworks */ = {isa = PBXBuildFile; productRef = 5A99A9F729514F7A00C1EC1C /* Apollo */; };
		5A99A9FA29514F7A00C1EC1C /* ApolloWebSocket in Frameworks */ = {isa = PBXBuildFile; productRef = 5A99A9F929514F7A00C1EC1C /* ApolloWebSocket */; };
/* End PBXBuildFile section */

/* Begin PBXContainerItemProxy section */
		5A99A9D3295147AE00C1EC1C /* PBXContainerItemProxy */ = {
			isa = PBXContainerItemProxy;
			containerPortal = 5A99A9BA295147AE00C1EC1C /* Project object */;
			proxyType = 1;
			remoteGlobalIDString = 5A99A9C1295147AE00C1EC1C;
			remoteInfo = rocket;
		};
		5A99A9DD295147AE00C1EC1C /* PBXContainerItemProxy */ = {
			isa = PBXContainerItemProxy;
			containerPortal = 5A99A9BA295147AE00C1EC1C /* Project object */;
			proxyType = 1;
			remoteGlobalIDString = 5A99A9C1295147AE00C1EC1C;
			remoteInfo = rocket;
		};
/* End PBXContainerItemProxy section */

/* Begin PBXFileReference section */
		5A99A9C2295147AE00C1EC1C /* rocket.app */ = {isa = PBXFileReference; explicitFileType = wrapper.application; includeInIndex = 0; path = rocket.app; sourceTree = BUILT_PRODUCTS_DIR; };
		5A99A9C5295147AE00C1EC1C /* rocketApp.swift */ = {isa = PBXFileReference; lastKnownFileType = sourcecode.swift; path = rocketApp.swift; sourceTree = "<group>"; };
		5A99A9C7295147AE00C1EC1C /* ContentView.swift */ = {isa = PBXFileReference; lastKnownFileType = sourcecode.swift; path = ContentView.swift; sourceTree = "<group>"; };
		5A99A9C9295147AE00C1EC1C /* Assets.xcassets */ = {isa = PBXFileReference; lastKnownFileType = folder.assetcatalog; path = Assets.xcassets; sourceTree = "<group>"; };
		5A99A9CC295147AE00C1EC1C /* Preview Assets.xcassets */ = {isa = PBXFileReference; lastKnownFileType = folder.assetcatalog; path = "Preview Assets.xcassets"; sourceTree = "<group>"; };
		5A99A9D2295147AE00C1EC1C /* rocketTests.xctest */ = {isa = PBXFileReference; explicitFileType = wrapper.cfbundle; includeInIndex = 0; path = rocketTests.xctest; sourceTree = BUILT_PRODUCTS_DIR; };
		5A99A9D6295147AE00C1EC1C /* rocketTests.swift */ = {isa = PBXFileReference; lastKnownFileType = sourcecode.swift; path = rocketTests.swift; sourceTree = "<group>"; };
		5A99A9DC295147AE00C1EC1C /* rocketUITests.xctest */ = {isa = PBXFileReference; explicitFileType = wrapper.cfbundle; includeInIndex = 0; path = rocketUITests.xctest; sourceTree = BUILT_PRODUCTS_DIR; };
		5A99A9E0295147AE00C1EC1C /* rocketUITests.swift */ = {isa = PBXFileReference; lastKnownFileType = sourcecode.swift; path = rocketUITests.swift; sourceTree = "<group>"; };
		5A99A9E2295147AE00C1EC1C /* rocketUITestsLaunchTests.swift */ = {isa = PBXFileReference; lastKnownFileType = sourcecode.swift; path = rocketUITestsLaunchTests.swift; sourceTree = "<group>"; };
		5A99A9F229514A7000C1EC1C /* ScheduleView.swift */ = {isa = PBXFileReference; lastKnownFileType = sourcecode.swift; path = ScheduleView.swift; sourceTree = "<group>"; };
		5A99A9F429514A9100C1EC1C /* NetworkManager.swift */ = {isa = PBXFileReference; lastKnownFileType = sourcecode.swift; path = NetworkManager.swift; sourceTree = "<group>"; };
/* End PBXFileReference section */

/* Begin PBXFrameworksBuildPhase section */
		5A99A9BF295147AE00C1EC1C /* Frameworks */ = {
			isa = PBXFrameworksBuildPhase;
			buildActionMask = 2147483647;
			files = (
				5A99A9F829514F7A00C1EC1C /* Apollo in Frameworks */,
				5A99A9FA29514F7A00C1EC1C /* ApolloWebSocket in Frameworks */,
			);
			runOnlyForDeploymentPostprocessing = 0;
		};
		5A99A9CF295147AE00C1EC1C /* Frameworks */ = {
			isa = PBXFrameworksBuildPhase;
			buildActionMask = 2147483647;
			files = (
			);
			runOnlyForDeploymentPostprocessing = 0;
		};
		5A99A9D9295147AE00C1EC1C /* Frameworks */ = {
			isa = PBXFrameworksBuildPhase;
			buildActionMask = 2147483647;
			files = (
			);
			runOnlyForDeploymentPostprocessing = 0;
		};
/* End PBXFrameworksBuildPhase section */

/* Begin PBXGroup section */
		5A99A9B9295147AE00C1EC1C = {
			isa = PBXGroup;
			children = (
				5A99A9C4295147AE00C1EC1C /* rocket */,
				5A99A9D5295147AE00C1EC1C /* rocketTests */,
				5A99A9DF295147AE00C1EC1C /* rocketUITests */,
				5A99A9C3295147AE00C1EC1C /* Products */,
			);
			sourceTree = "<group>";
		};
		5A99A9C3295147AE00C1EC1C /* Products */ = {
			isa = PBXGroup;
			children = (
				5A99A9C2295147AE00C1EC1C /* rocket.app */,
				5A99A9D2295147AE00C1EC1C /* rocketTests.xctest */,
				5A99A9DC295147AE00C1EC1C /* rocketUITests.xctest */,
			);
			name = Products;
			sourceTree = "<group>";
		};
		5A99A9C4295147AE00C1EC1C /* rocket */ = {
			isa = PBXGroup;
			children = (
				5A99A9C5295147AE00C1EC1C /* rocketApp.swift */,
				5A99A9C7295147AE00C1EC1C /* ContentView.swift */,
				5A99A9F429514A9100C1EC1C /* NetworkManager.swift */,
				5A99A9F229514A7000C1EC1C /* ScheduleView.swift */,
				5A99A9C9295147AE00C1EC1C /* Assets.xcassets */,
				5A99A9CB295147AE00C1EC1C /* Preview Content */,
			);
			path = rocket;
			sourceTree = "<group>";
		};
		5A99A9CB295147AE00C1EC1C /* Preview Content */ = {
			isa = PBXGroup;
			children = (
				5A99A9CC295147AE00C1EC1C /* Preview Assets.xcassets */,
			);
			path = "Preview Content";
			sourceTree = "<group>";
		};
		5A99A9D5295147AE00C1EC1C /* rocketTests */ = {
			isa = PBXGroup;
			children = (
				5A99A9D6295147AE00C1EC1C /* rocketTests.swift */,
			);
			path = rocketTests;
			sourceTree = "<group>";
		};
		5A99A9DF295147AE00C1EC1C /* rocketUITests */ = {
			isa = PBXGroup;
			children = (
				5A99A9E0295147AE00C1EC1C /* rocketUITests.swift */,
				5A99A9E2295147AE00C1EC1C /* rocketUITestsLaunchTests.swift */,
			);
			path = rocketUITests;
			sourceTree = "<group>";
		};
/* End PBXGroup section */

/* Begin PBXNativeTarget section */
		5A99A9C1295147AE00C1EC1C /* rocket */ = {
			isa = PBXNativeTarget;
			buildConfigurationList = 5A99A9E6295147AE00C1EC1C /* Build configuration list for PBXNativeTarget "rocket" */;
			buildPhases = (
				5A99A9BE295147AE00C1EC1C /* Sources */,
				5A99A9BF295147AE00C1EC1C /* Frameworks */,
				5A99A9C0295147AE00C1EC1C /* Resources */,
			);
			buildRules = (
			);
			dependencies = (
			);
			name = rocket;
			packageProductDependencies = (
				5A99A9F729514F7A00C1EC1C /* Apollo */,
				5A99A9F929514F7A00C1EC1C /* ApolloWebSocket */,
			);
			productName = rocket;
			productReference = 5A99A9C2295147AE00C1EC1C /* rocket.app */;
			productType = "com.apple.product-type.application";
		};
		5A99A9D1295147AE00C1EC1C /* rocketTests */ = {
			isa = PBXNativeTarget;
			buildConfigurationList = 5A99A9E9295147AE00C1EC1C /* Build configuration list for PBXNativeTarget "rocketTests" */;
			buildPhases = (
				5A99A9CE295147AE00C1EC1C /* Sources */,
				5A99A9CF295147AE00C1EC1C /* Frameworks */,
				5A99A9D0295147AE00C1EC1C /* Resources */,
			);
			buildRules = (
			);
			dependencies = (
				5A99A9D4295147AE00C1EC1C /* PBXTargetDependency */,
			);
			name = rocketTests;
			productName = rocketTests;
			productReference = 5A99A9D2295147AE00C1EC1C /* rocketTests.xctest */;
			productType = "com.apple.product-type.bundle.unit-test";
		};
		5A99A9DB295147AE00C1EC1C /* rocketUITests */ = {
			isa = PBXNativeTarget;
			buildConfigurationList = 5A99A9EC295147AE00C1EC1C /* Build configuration list for PBXNativeTarget "rocketUITests" */;
			buildPhases = (
				5A99A9D8295147AE00C1EC1C /* Sources */,
				5A99A9D9295147AE00C1EC1C /* Frameworks */,
				5A99A9DA295147AE00C1EC1C /* Resources */,
			);
			buildRules = (
			);
			dependencies = (
				5A99A9DE295147AE00C1EC1C /* PBXTargetDependency */,
			);
			name = rocketUITests;
			productName = rocketUITests;
			productReference = 5A99A9DC295147AE00C1EC1C /* rocketUITests.xctest */;
			productType = "com.apple.product-type.bundle.ui-testing";
		};
/* End PBXNativeTarget section */

/* Begin PBXProject section */
		5A99A9BA295147AE00C1EC1C /* Project object */ = {
			isa = PBXProject;
			attributes = {
				BuildIndependentTargetsInParallel = 1;
				LastSwiftUpdateCheck = 1420;
				LastUpgradeCheck = 1420;
				TargetAttributes = {
					5A99A9C1295147AE00C1EC1C = {
						CreatedOnToolsVersion = 14.2;
					};
					5A99A9D1295147AE00C1EC1C = {
						CreatedOnToolsVersion = 14.2;
						TestTargetID = 5A99A9C1295147AE00C1EC1C;
					};
					5A99A9DB295147AE00C1EC1C = {
						CreatedOnToolsVersion = 14.2;
						TestTargetID = 5A99A9C1295147AE00C1EC1C;
					};
				};
			};
			buildConfigurationList = 5A99A9BD295147AE00C1EC1C /* Build configuration list for PBXProject "rocket" */;
			compatibilityVersion = "Xcode 14.0";
			developmentRegion = en;
			hasScannedForEncodings = 0;
			knownRegions = (
				en,
				Base,
			);
			mainGroup = 5A99A9B9295147AE00C1EC1C;
			packageReferences = (
				5A99A9F629514F7A00C1EC1C /* XCRemoteSwiftPackageReference "apollo-ios" */,
			);
			productRefGroup = 5A99A9C3295147AE00C1EC1C /* Products */;
			projectDirPath = "";
			projectRoot = "";
			targets = (
				5A99A9C1295147AE00C1EC1C /* rocket */,
				5A99A9D1295147AE00C1EC1C /* rocketTests */,
				5A99A9DB295147AE00C1EC1C /* rocketUITests */,
			);
		};
/* End PBXProject section */

/* Begin PBXResourcesBuildPhase section */
		5A99A9C0295147AE00C1EC1C /* Resources */ = {
			isa = PBXResourcesBuildPhase;
			buildActionMask = 2147483647;
			files = (
				5A99A9CD295147AE00C1EC1C /* Preview Assets.xcassets in Resources */,
				5A99A9CA295147AE00C1EC1C /* Assets.xcassets in Resources */,
			);
			runOnlyForDeploymentPostprocessing = 0;
		};
		5A99A9D0295147AE00C1EC1C /* Resources */ = {
			isa = PBXResourcesBuildPhase;
			buildActionMask = 2147483647;
			files = (
			);
			runOnlyForDeploymentPostprocessing = 0;
		};
		5A99A9DA295147AE00C1EC1C /* Resources */ = {
			isa = PBXResourcesBuildPhase;
			buildActionMask = 2147483647;
			files = (
			);
			runOnlyForDeploymentPostprocessing = 0;
		};
/* End PBXResourcesBuildPhase section */

/* Begin PBXSourcesBuildPhase section */
		5A99A9BE295147AE00C1EC1C /* Sources */ = {
			isa = PBXSourcesBuildPhase;
			buildActionMask = 2147483647;
			files = (
				5A99A9F529514A9100C1EC1C /* NetworkManager.swift in Sources */,
				5A99A9C8295147AE00C1EC1C /* ContentView.swift in Sources */,
				5A99A9C6295147AE00C1EC1C /* rocketApp.swift in Sources */,
				5A99A9F329514A7000C1EC1C /* ScheduleView.swift in Sources */,
			);
			runOnlyForDeploymentPostprocessing = 0;
		};
		5A99A9CE295147AE00C1EC1C /* Sources */ = {
			isa = PBXSourcesBuildPhase;
			buildActionMask = 2147483647;
			files = (
				5A99A9D7295147AE00C1EC1C /* rocketTests.swift in Sources */,
			);
			runOnlyForDeploymentPostprocessing = 0;
		};
		5A99A9D8295147AE00C1EC1C /* Sources */ = {
			isa = PBXSourcesBuildPhase;
			buildActionMask = 2147483647;
			files = (
				5A99A9E3295147AE00C1EC1C /* rocketUITestsLaunchTests.swift in Sources */,
				5A99A9E1295147AE00C1EC1C /* rocketUITests.swift in Sources */,
			);
			runOnlyForDeploymentPostprocessing = 0;
		};
/* End PBXSourcesBuildPhase section */

/* Begin PBXTargetDependency section */
		5A99A9D4295147AE00C1EC1C /* PBXTargetDependency */ = {
			isa = PBXTargetDependency;
			target = 5A99A9C1295147AE00C1EC1C /* rocket */;
			targetProxy = 5A99A9D3295147AE00C1EC1C /* PBXContainerItemProxy */;
		};
		5A99A9DE295147AE00C1EC1C /* PBXTargetDependency */ = {
			isa = PBXTargetDependency;
			target = 5A99A9C1295147AE00C1EC1C /* rocket */;
			targetProxy = 5A99A9DD295147AE00C1EC1C /* PBXContainerItemProxy */;
		};
/* End PBXTargetDependency section */

/* Begin XCBuildConfiguration section */
		5A99A9E4295147AE00C1EC1C /* Debug */ = {
			isa = XCBuildConfiguration;
			buildSettings = {
				ALWAYS_SEARCH_USER_PATHS = NO;
				CLANG_ANALYZER_NONNULL = YES;
				CLANG_ANALYZER_NUMBER_OBJECT_CONVERSION = YES_AGGRESSIVE;
				CLANG_CXX_LANGUAGE_STANDARD = "gnu++20";
				CLANG_ENABLE_MODULES = YES;
				CLANG_ENABLE_OBJC_ARC = YES;
				CLANG_ENABLE_OBJC_WEAK = YES;
				CLANG_WARN_BLOCK_CAPTURE_AUTORELEASING = YES;
				CLANG_WARN_BOOL_CONVERSION = YES;
				CLANG_WARN_COMMA = YES;
				CLANG_WARN_CONSTANT_CONVERSION = YES;
				CLANG_WARN_DEPRECATED_OBJC_IMPLEMENTATIONS = YES;
				CLANG_WARN_DIRECT_OBJC_ISA_USAGE = YES_ERROR;
				CLANG_WARN_DOCUMENTATION_COMMENTS = YES;
				CLANG_WARN_EMPTY_BODY = YES;
				CLANG_WARN_ENUM_CONVERSION = YES;
				CLANG_WARN_INFINITE_RECURSION = YES;
				CLANG_WARN_INT_CONVERSION = YES;
				CLANG_WARN_NON_LITERAL_NULL_CONVERSION = YES;
				CLANG_WARN_OBJC_IMPLICIT_RETAIN_SELF = YES;
				CLANG_WARN_OBJC_LITERAL_CONVERSION = YES;
				CLANG_WARN_OBJC_ROOT_CLASS = YES_ERROR;
				CLANG_WARN_QUOTED_INCLUDE_IN_FRAMEWORK_HEADER = YES;
				CLANG_WARN_RANGE_LOOP_ANALYSIS = YES;
				CLANG_WARN_STRICT_PROTOTYPES = YES;
				CLANG_WARN_SUSPICIOUS_MOVE = YES;
				CLANG_WARN_UNGUARDED_AVAILABILITY = YES_AGGRESSIVE;
				CLANG_WARN_UNREACHABLE_CODE = YES;
				CLANG_WARN__DUPLICATE_METHOD_MATCH = YES;
				COPY_PHASE_STRIP = NO;
				DEBUG_INFORMATION_FORMAT = dwarf;
				ENABLE_STRICT_OBJC_MSGSEND = YES;
				ENABLE_TESTABILITY = YES;
				GCC_C_LANGUAGE_STANDARD = gnu11;
				GCC_DYNAMIC_NO_PIC = NO;
				GCC_NO_COMMON_BLOCKS = YES;
				GCC_OPTIMIZATION_LEVEL = 0;
				GCC_PREPROCESSOR_DEFINITIONS = (
					"DEBUG=1",
					"$(inherited)",
				);
				GCC_WARN_64_TO_32_BIT_CONVERSION = YES;
				GCC_WARN_ABOUT_RETURN_TYPE = YES_ERROR;
				GCC_WARN_UNDECLARED_SELECTOR = YES;
				GCC_WARN_UNINITIALIZED_AUTOS = YES_AGGRESSIVE;
				GCC_WARN_UNUSED_FUNCTION = YES;
				GCC_WARN_UNUSED_VARIABLE = YES;
				IPHONEOS_DEPLOYMENT_TARGET = 16.2;
				MTL_ENABLE_DEBUG_INFO = INCLUDE_SOURCE;
				MTL_FAST_MATH = YES;
				ONLY_ACTIVE_ARCH = YES;
				SDKROOT = iphoneos;
				SWIFT_ACTIVE_COMPILATION_CONDITIONS = DEBUG;
				SWIFT_OPTIMIZATION_LEVEL = "-Onone";
			};
			name = Debug;
		};
		5A99A9E5295147AE00C1EC1C /* Release */ = {
			isa = XCBuildConfiguration;
			buildSettings = {
				ALWAYS_SEARCH_USER_PATHS = NO;
				CLANG_ANALYZER_NONNULL = YES;
				CLANG_ANALYZER_NUMBER_OBJECT_CONVERSION = YES_AGGRESSIVE;
				CLANG_CXX_LANGUAGE_STANDARD = "gnu++20";
				CLANG_ENABLE_MODULES = YES;
				CLANG_ENABLE_OBJC_ARC = YES;
				CLANG_ENABLE_OBJC_WEAK = YES;
				CLANG_WARN_BLOCK_CAPTURE_AUTORELEASING = YES;
				CLANG_WARN_BOOL_CONVERSION = YES;
				CLANG_WARN_COMMA = YES;
				CLANG_WARN_CONSTANT_CONVERSION = YES;
				CLANG_WARN_DEPRECATED_OBJC_IMPLEMENTATIONS = YES;
				CLANG_WARN_DIRECT_OBJC_ISA_USAGE = YES_ERROR;
				CLANG_WARN_DOCUMENTATION_COMMENTS = YES;
				CLANG_WARN_EMPTY_BODY = YES;
				CLANG_WARN_ENUM_CONVERSION = YES;
				CLANG_WARN_INFINITE_RECURSION = YES;
				CLANG_WARN_INT_CONVERSION = YES;
				CLANG_WARN_NON_LITERAL_NULL_CONVERSION = YES;
				CLANG_WARN_OBJC_IMPLICIT_RETAIN_SELF = YES;
				CLANG_WARN_OBJC_LITERAL_CONVERSION = YES;
				CLANG_WARN_OBJC_ROOT_CLASS = YES_ERROR;
				CLANG_WARN_QUOTED_INCLUDE_IN_FRAMEWORK_HEADER = YES;
				CLANG_WARN_RANGE_LOOP_ANALYSIS = YES;
				CLANG_WARN_STRICT_PROTOTYPES = YES;
				CLANG_WARN_SUSPICIOUS_MOVE = YES;
				CLANG_WARN_UNGUARDED_AVAILABILITY = YES_AGGRESSIVE;
				CLANG_WARN_UNREACHABLE_CODE = YES;
				CLANG_WARN__DUPLICATE_METHOD_MATCH = YES;
				COPY_PHASE_STRIP = NO;
				DEBUG_INFORMATION_FORMAT = "dwarf-with-dsym";
				ENABLE_NS_ASSERTIONS = NO;
				ENABLE_STRICT_OBJC_MSGSEND = YES;
				GCC_C_LANGUAGE_STANDARD = gnu11;
				GCC_NO_COMMON_BLOCKS = YES;
				GCC_WARN_64_TO_32_BIT_CONVERSION = YES;
				GCC_WARN_ABOUT_RETURN_TYPE = YES_ERROR;
				GCC_WARN_UNDECLARED_SELECTOR = YES;
				GCC_WARN_UNINITIALIZED_AUTOS = YES_AGGRESSIVE;
				GCC_WARN_UNUSED_FUNCTION = YES;
				GCC_WARN_UNUSED_VARIABLE = YES;
				IPHONEOS_DEPLOYMENT_TARGET = 16.2;
				MTL_ENABLE_DEBUG_INFO = NO;
				MTL_FAST_MATH = YES;
				SDKROOT = iphoneos;
				SWIFT_COMPILATION_MODE = wholemodule;
				SWIFT_OPTIMIZATION_LEVEL = "-O";
				VALIDATE_PRODUCT = YES;
			};
			name = Release;
		};
		5A99A9E7295147AE00C1EC1C /* Debug */ = {
			isa = XCBuildConfiguration;
			buildSettings = {
				ASSETCATALOG_COMPILER_APPICON_NAME = AppIcon;
				ASSETCATALOG_COMPILER_GLOBAL_ACCENT_COLOR_NAME = AccentColor;
				CODE_SIGN_STYLE = Automatic;
				CURRENT_PROJECT_VERSION = 1;
				DEVELOPMENT_ASSET_PATHS = "\"rocket/Preview Content\"";
				DEVELOPMENT_TEAM = X8ZFLUE894;
				ENABLE_PREVIEWS = YES;
				GENERATE_INFOPLIST_FILE = YES;
				INFOPLIST_KEY_UIApplicationSceneManifest_Generation = YES;
				INFOPLIST_KEY_UIApplicationSupportsIndirectInputEvents = YES;
				INFOPLIST_KEY_UILaunchScreen_Generation = YES;
				INFOPLIST_KEY_UISupportedInterfaceOrientations_iPad = "UIInterfaceOrientationPortrait UIInterfaceOrientationPortraitUpsideDown UIInterfaceOrientationLandscapeLeft UIInterfaceOrientationLandscapeRight";
				INFOPLIST_KEY_UISupportedInterfaceOrientations_iPhone = "UIInterfaceOrientationPortrait UIInterfaceOrientationLandscapeLeft UIInterfaceOrientationLandscapeRight";
				LD_RUNPATH_SEARCH_PATHS = (
					"$(inherited)",
					"@executable_path/Frameworks",
				);
				MARKETING_VERSION = 1.0;
				PRODUCT_BUNDLE_IDENTIFIER = com.niveumlabs.rocket;
				PRODUCT_NAME = "$(TARGET_NAME)";
				SWIFT_EMIT_LOC_STRINGS = YES;
				SWIFT_VERSION = 5.0;
				TARGETED_DEVICE_FAMILY = "1,2";
			};
			name = Debug;
		};
		5A99A9E8295147AE00C1EC1C /* Release */ = {
			isa = XCBuildConfiguration;
			buildSettings = {
				ASSETCATALOG_COMPILER_APPICON_NAME = AppIcon;
				ASSETCATALOG_COMPILER_GLOBAL_ACCENT_COLOR_NAME = AccentColor;
				CODE_SIGN_STYLE = Automatic;
				CURRENT_PROJECT_VERSION = 1;
				DEVELOPMENT_ASSET_PATHS = "\"rocket/Preview Content\"";
				DEVELOPMENT_TEAM = X8ZFLUE894;
				ENABLE_PREVIEWS = YES;
				GENERATE_INFOPLIST_FILE = YES;
				INFOPLIST_KEY_UIApplicationSceneManifest_Generation = YES;
				INFOPLIST_KEY_UIApplicationSupportsIndirectInputEvents = YES;
				INFOPLIST_KEY_UILaunchScreen_Generation = YES;
				INFOPLIST_KEY_UISupportedInterfaceOrientations_iPad = "UIInterfaceOrientationPortrait UIInterfaceOrientationPortraitUpsideDown UIInterfaceOrientationLandscapeLeft UIInterfaceOrientationLandscapeRight";
				INFOPLIST_KEY_UISupportedInterfaceOrientations_iPhone = "UIInterfaceOrientationPortrait UIInterfaceOrientationLandscapeLeft UIInterfaceOrientationLandscapeRight";
				LD_RUNPATH_SEARCH_PATHS = (
					"$(inherited)",
					"@executable_path/Frameworks",
				);
				MARKETING_VERSION = 1.0;
				PRODUCT_BUNDLE_IDENTIFIER = com.niveumlabs.rocket;
				PRODUCT_NAME = "$(TARGET_NAME)";
				SWIFT_EMIT_LOC_STRINGS = YES;
				SWIFT_VERSION = 5.0;
				TARGETED_DEVICE_FAMILY = "1,2";
			};
			name = Release;
		};
		5A99A9EA295147AE00C1EC1C /* Debug */ = {
			isa = XCBuildConfiguration;
			buildSettings = {
				ALWAYS_EMBED_SWIFT_STANDARD_LIBRARIES = YES;
				BUNDLE_LOADER = "$(TEST_HOST)";
				CODE_SIGN_STYLE = Automatic;
				CURRENT_PROJECT_VERSION = 1;
				DEVELOPMENT_TEAM = X8ZFLUE894;
				GENERATE_INFOPLIST_FILE = YES;
				IPHONEOS_DEPLOYMENT_TARGET = 16.2;
				MARKETING_VERSION = 1.0;
				PRODUCT_BUNDLE_IDENTIFIER = com.niveumlabs.rocketTests;
				PRODUCT_NAME = "$(TARGET_NAME)";
				SWIFT_EMIT_LOC_STRINGS = NO;
				SWIFT_VERSION = 5.0;
				TARGETED_DEVICE_FAMILY = "1,2";
				TEST_HOST = "$(BUILT_PRODUCTS_DIR)/rocket.app/$(BUNDLE_EXECUTABLE_FOLDER_PATH)/rocket";
			};
			name = Debug;
		};
		5A99A9EB295147AE00C1EC1C /* Release */ = {
			isa = XCBuildConfiguration;
			buildSettings = {
				ALWAYS_EMBED_SWIFT_STANDARD_LIBRARIES = YES;
				BUNDLE_LOADER = "$(TEST_HOST)";
				CODE_SIGN_STYLE = Automatic;
				CURRENT_PROJECT_VERSION = 1;
				DEVELOPMENT_TEAM = X8ZFLUE894;
				GENERATE_INFOPLIST_FILE = YES;
				IPHONEOS_DEPLOYMENT_TARGET = 16.2;
				MARKETING_VERSION = 1.0;
				PRODUCT_BUNDLE_IDENTIFIER = com.niveumlabs.rocketTests;
				PRODUCT_NAME = "$(TARGET_NAME)";
				SWIFT_EMIT_LOC_STRINGS = NO;
				SWIFT_VERSION = 5.0;
				TARGETED_DEVICE_FAMILY = "1,2";
				TEST_HOST = "$(BUILT_PRODUCTS_DIR)/rocket.app/$(BUNDLE_EXECUTABLE_FOLDER_PATH)/rocket";
			};
			name = Release;
		};
		5A99A9ED295147AE00C1EC1C /* Debug */ = {
			isa = XCBuildConfiguration;
			buildSettings = {
				ALWAYS_EMBED_SWIFT_STANDARD_LIBRARIES = YES;
				CODE_SIGN_STYLE = Automatic;
				CURRENT_PROJECT_VERSION = 1;
				DEVELOPMENT_TEAM = X8ZFLUE894;
				GENERATE_INFOPLIST_FILE = YES;
				MARKETING_VERSION = 1.0;
				PRODUCT_BUNDLE_IDENTIFIER = com.niveumlabs.rocketUITests;
				PRODUCT_NAME = "$(TARGET_NAME)";
				SWIFT_EMIT_LOC_STRINGS = NO;
				SWIFT_VERSION = 5.0;
				TARGETED_DEVICE_FAMILY = "1,2";
				TEST_TARGET_NAME = rocket;
			};
			name = Debug;
		};
		5A99A9EE295147AE00C1EC1C /* Release */ = {
			isa = XCBuildConfiguration;
			buildSettings = {
				ALWAYS_EMBED_SWIFT_STANDARD_LIBRARIES = YES;
				CODE_SIGN_STYLE = Automatic;
				CURRENT_PROJECT_VERSION = 1;
				DEVELOPMENT_TEAM = X8ZFLUE894;
				GENERATE_INFOPLIST_FILE = YES;
				MARKETING_VERSION = 1.0;
				PRODUCT_BUNDLE_IDENTIFIER = com.niveumlabs.rocketUITests;
				PRODUCT_NAME = "$(TARGET_NAME)";
				SWIFT_EMIT_LOC_STRINGS = NO;
				SWIFT_VERSION = 5.0;
				TARGETED_DEVICE_FAMILY = "1,2";
				TEST_TARGET_NAME = rocket;
			};
			name = Release;
		};
/* End XCBuildConfiguration section */

/* Begin XCConfigurationList section */
		5A99A9BD295147AE00C1EC1C /* Build configuration list for PBXProject "rocket" */ = {
			isa = XCConfigurationList;
			buildConfigurations = (
				5A99A9E4295147AE00C1EC1C /* Debug */,
				5A99A9E5295147AE00C1EC1C /* Release */,
			);
			defaultConfigurationIsVisible = 0;
			defaultConfigurationName = Release;
		};
		5A99A9E6295147AE00C1EC1C /* Build configuration list for PBXNativeTarget "rocket" */ = {
			isa = XCConfigurationList;
			buildConfigurations = (
				5A99A9E7295147AE00C1EC1C /* Debug */,
				5A99A9E8295147AE00C1EC1C /* Release */,
			);
			defaultConfigurationIsVisible = 0;
			defaultConfigurationName = Release;
		};
		5A99A9E9295147AE00C1EC1C /* Build configuration list for PBXNativeTarget "rocketTests" */ = {
			isa = XCConfigurationList;
			buildConfigurations = (
				5A99A9EA295147AE00C1EC1C /* Debug */,
				5A99A9EB295147AE00C1EC1C /* Release */,
			);
			defaultConfigurationIsVisible = 0;
			defaultConfigurationName = Release;
		};
		5A99A9EC295147AE00C1EC1C /* Build configuration list for PBXNativeTarget "rocketUITests" */ = {
			isa = XCConfigurationList;
			buildConfigurations = (
				5A99A9ED295147AE00C1EC1C /* Debug */,
				5A99A9EE295147AE00C1EC1C /* Release */,
			);
			defaultConfigurationIsVisible = 0;
			defaultConfigurationName = Release;
		};
/* End XCConfigurationList section */

/* Begin XCRemoteSwiftPackageReference section */
		5A99A9F629514F7A00C1EC1C /* XCRemoteSwiftPackageReference "apollo-ios" */ = {
			isa = XCRemoteSwiftPackageReference;
			repositoryURL = "https://github.com/apollographql/apollo-ios.git";
			requirement = {
				kind = upToNextMajorVersion;
				minimumVersion = 1.0.5;
			};
		};
/* End XCRemoteSwiftPackageReference section */

/* Begin XCSwiftPackageProductDependency section */
		5A99A9F729514F7A00C1EC1C /* Apollo */ = {
			isa = XCSwiftPackageProductDependency;
			package = 5A99A9F629514F7A00C1EC1C /* XCRemoteSwiftPackageReference "apollo-ios" */;
			productName = Apollo;
		};
		5A99A9F929514F7A00C1EC1C /* ApolloWebSocket */ = {
			isa = XCSwiftPackageProductDependency;
			package = 5A99A9F629514F7A00C1EC1C /* XCRemoteSwiftPackageReference "apollo-ios" */;
			productName = ApolloWebSocket;
		};
/* End XCSwiftPackageProductDependency section */
	};
	rootObject = 5A99A9BA295147AE00C1EC1C /* Project object */;
}
